
Microsoft Visual Studio Solution File, Format Version 12.00
# Visual Studio 15
VisualStudioVersion = 15.0.27004.2006
MinimumVisualStudioVersion = 10.0.40219.1
Project("{FAE04EC0-301F-11D3-BF4B-00C04F79EFBC}") = "Service", "Service\Service.csproj", "{D6C544A1-4EE1-4D77-B228-2B6658F864BB}"
EndProject
Project("{FAE04EC0-301F-11D3-BF4B-00C04F79EFBC}") = "Clients", "Clients\Clients.csproj", "{E60B12FD-06B5-487E-95EE-246AB4614E51}"
	ProjectSection(ProjectDependencies) = postProject
		{D6C544A1-4EE1-4D77-B228-2B6658F864BB} = {D6C544A1-4EE1-4D77-B228-2B6658F864BB}
	EndProjectSection
EndProject
Global
	GlobalSection(SolutionConfigurationPlatforms) = preSolution
		Debug|Any CPU = Debug|Any CPU
		Release|Any CPU = Release|Any CPU
	EndGlobalSection
	GlobalSection(ProjectConfigurationPlatforms) = postSolution
		{D6C544A1-4EE1-4D77-B228-2B6658F864BB}.Debug|Any CPU.ActiveCfg = Debug|Any CPU
		{D6C544A1-4EE1-4D77-B228-2B6658F864BB}.Debug|Any CPU.Build.0 = Debug|Any CPU
		{D6C544A1-4EE1-4D77-B228-2B6658F864BB}.Release|Any CPU.ActiveCfg = Release|Any CPU
		{D6C544A1-4EE1-4D77-B228-2B6658F864BB}.Release|Any CPU.Build.0 = Release|Any CPU
		{E60B12FD-06B5-487E-95EE-246AB4614E51}.Debug|Any CPU.ActiveCfg = Debug|Any CPU
		{E60B12FD-06B5-487E-95EE-246AB4614E51}.Debug|Any CPU.Build.0 = Debug|Any CPU
		{E60B12FD-06B5-487E-95EE-246AB4614E51}.Release|Any CPU.ActiveCfg = Release|Any CPU
		{E60B12FD-06B5-487E-95EE-246AB4614E51}.Release|Any CPU.Build.0 = Release|Any CPU
	EndGlobalSection
	GlobalSection(SolutionProperties) = preSolution
		HideSolutionNode = FALSE
	EndGlobalSection
	GlobalSection(ExtensibilityGlobals) = postSolution
		SolutionGuid = {6CEAF525-5A84-4875-9FCA-26C55CB23AA7}
	EndGlobalSection
EndGlobal
